render_colmap_1:
  cmd: bash -lc "sbatch --wait ../scripts/render_colmap.sh 1"
  deps:
  - path: ../../colmap/load_data.py
    md5: 41912585fcbbc374c3ef1f787c7d8eed
    size: 13432
  - path: ../../datasets/processed/imc/grand_place_brussels
    md5: a797717ea4f46d0fa7fe8f14b2b03494.dir
    size: 30704450158
    nfiles: 6479
  - path: ../scripts/render_colmap.sh
    md5: df670a9730448d4733e55047b0ee1068
    size: 2190
  params:
    params.yaml:
      render_colmap_1.ply_file: meshed-poisson.ply
      render_colmap_1.root: /home/kremeto1/neural_rendering/datasets/processed/imc/grand_place_brussels/dense/dense
      render_colmap_1.src_output: /home/kremeto1/neural_rendering/datasets/post_processed/imc/grand_place_brussels_minsz-512_valr-0.2_pts-2.0_down-25_src-meshed-poisson
      render_colmap_1.voxel_size: 0.016
  outs:
  - path: ../../datasets/post_processed/imc/grand_place_brussels_minsz-512_valr-0.2_pts-2.0_down-25_src-meshed-poisson
    md5: 109836eb2d46f57bbb94829e52bb7f72.dir
    size: 4726849996
    nfiles: 5994
render_colmap_2:
  cmd: bash -lc "sbatch --wait ../scripts/render_colmap.sh 2"
  deps:
  - path: ../../colmap/load_data.py
    md5: 41912585fcbbc374c3ef1f787c7d8eed
    size: 13822
  - path: ../../datasets/processed/imc/grand_place_brussels
    md5: a797717ea4f46d0fa7fe8f14b2b03494.dir
    size: 30704450158
    nfiles: 6479
  - path: ../scripts/render_colmap.sh
    md5: df670a9730448d4733e55047b0ee1068
    size: 2190
  params:
    params.yaml:
      render_colmap_2.ply_file: meshed-poisson.ply
      render_colmap_2.root: /home/kremeto1/neural_rendering/datasets/processed/imc/grand_place_brussels/dense/dense
      render_colmap_2.src_output: /home/kremeto1/neural_rendering/datasets/post_processed/imc/grand_place_brussels_minsz-512_valr-0.2_pts-2.0_down-50_src-meshed-poisson
      render_colmap_2.voxel_size: 0.01
  outs:
  - path: ../../datasets/post_processed/imc/grand_place_brussels_minsz-512_valr-0.2_pts-2.0_down-50_src-meshed-poisson
    md5: f4f68c4246f42767e683654fd8d07151.dir
    size: 4807382822
    nfiles: 5994
render_colmap_3:
  cmd: bash -lc "sbatch --wait ../scripts/render_colmap.sh 3"
  deps:
  - path: ../../colmap/load_data.py
    md5: 41912585fcbbc374c3ef1f787c7d8eed
    size: 13822
  - path: ../../datasets/processed/imc/grand_place_brussels
    md5: a797717ea4f46d0fa7fe8f14b2b03494.dir
    size: 30704450158
    nfiles: 6479
  - path: ../scripts/render_colmap.sh
    md5: df670a9730448d4733e55047b0ee1068
    size: 2190
  params:
    params.yaml:
      render_colmap_3.ply_file: meshed-poisson.ply
      render_colmap_3.root: /home/kremeto1/neural_rendering/datasets/processed/imc/grand_place_brussels/dense/dense
      render_colmap_3.src_output: /home/kremeto1/neural_rendering/datasets/post_processed/imc/grand_place_brussels_minsz-512_valr-0.2_pts-2.0_down-100_src-meshed-poisson
      render_colmap_3.voxel_size: None
  outs:
  - path: ../../datasets/post_processed/imc/grand_place_brussels_minsz-512_valr-0.2_pts-2.0_down-100_src-meshed-poisson
    md5: e71b55655a52907e8de5d793c77ffa20.dir
    size: 4849564283
    nfiles: 5994
render_colmap_4:
  cmd: bash -lc "sbatch --wait ../scripts/render_colmap.sh 4"
  deps:
  - path: ../../colmap/load_data.py
    md5: 41912585fcbbc374c3ef1f787c7d8eed
    size: 13432
  - path: ../../datasets/processed/imc/grand_place_brussels
    md5: a797717ea4f46d0fa7fe8f14b2b03494.dir
    size: 30704450158
    nfiles: 6479
  - path: ../scripts/render_colmap.sh
    md5: df670a9730448d4733e55047b0ee1068
    size: 2190
  params:
    params.yaml:
      render_colmap_4.ply_file: fused.ply
      render_colmap_4.root: /home/kremeto1/neural_rendering/datasets/processed/imc/grand_place_brussels/dense/dense
      render_colmap_4.src_output: /home/kremeto1/neural_rendering/datasets/post_processed/imc/grand_place_brussels_minsz-512_valr-0.2_pts-2.0_down-25_src-fused
      render_colmap_4.voxel_size: 0.014
  outs:
  - path: ../../datasets/post_processed/imc/grand_place_brussels_minsz-512_valr-0.2_pts-2.0_down-25_src-fused
    md5: 7e36e2a4a34bf778155b0c9ab2bb5ccf.dir
    size: 5099070026
    nfiles: 5994
render_colmap_5:
  cmd: bash -lc "sbatch --wait ../scripts/render_colmap.sh 5"
  deps:
  - path: ../../colmap/load_data.py
    md5: 41912585fcbbc374c3ef1f787c7d8eed
    size: 13822
  - path: ../../datasets/processed/imc/grand_place_brussels
    md5: a797717ea4f46d0fa7fe8f14b2b03494.dir
    size: 30704450158
    nfiles: 6479
  - path: ../scripts/render_colmap.sh
    md5: df670a9730448d4733e55047b0ee1068
    size: 2190
  params:
    params.yaml:
      render_colmap_5.ply_file: fused.ply
      render_colmap_5.root: /home/kremeto1/neural_rendering/datasets/processed/imc/grand_place_brussels/dense/dense
      render_colmap_5.src_output: /home/kremeto1/neural_rendering/datasets/post_processed/imc/grand_place_brussels_minsz-512_valr-0.2_pts-2.0_down-50_src-fused
      render_colmap_5.voxel_size: 0.0083
  outs:
  - path: ../../datasets/post_processed/imc/grand_place_brussels_minsz-512_valr-0.2_pts-2.0_down-50_src-fused
    md5: fe1863b5c3ffb738ed7cc4dcfb6182d8.dir
    size: 5054840803
    nfiles: 5994
render_colmap_6:
  cmd: bash -lc "sbatch --wait ../scripts/render_colmap.sh 6"
  deps:
  - path: ../../colmap/load_data.py
    md5: 41912585fcbbc374c3ef1f787c7d8eed
    size: 13822
  - path: ../../datasets/processed/imc/grand_place_brussels
    md5: a797717ea4f46d0fa7fe8f14b2b03494.dir
    size: 30704450158
    nfiles: 6479
  - path: ../scripts/render_colmap.sh
    md5: df670a9730448d4733e55047b0ee1068
    size: 2190
  params:
    params.yaml:
      render_colmap_6.ply_file: fused.ply
      render_colmap_6.root: /home/kremeto1/neural_rendering/datasets/processed/imc/grand_place_brussels/dense/dense
      render_colmap_6.src_output: /home/kremeto1/neural_rendering/datasets/post_processed/imc/grand_place_brussels_minsz-512_valr-0.2_pts-2.0_down-100_src-fused
      render_colmap_6.voxel_size: None
  outs:
  - path: ../../datasets/post_processed/imc/grand_place_brussels_minsz-512_valr-0.2_pts-2.0_down-100_src-fused
    md5: dfccc8057fe7c35d65d9321d8e858b82.dir
    size: 5061932320
    nfiles: 5994
dataset_utils_1:
  cmd: bash -lc "sbatch --wait ../scripts/run_dataset_utils.sh 1"
  deps:
  - path: ../../dataset_utils.py
    md5: 52dd3cd4c5e2097f93247c8cd03fac0b
    size: 10784
  - path: ../../datasets/post_processed/imc/grand_place_brussels_minsz-512_valr-0.2_pts-2.0_down-25_src-meshed-poisson
    md5: 109836eb2d46f57bbb94829e52bb7f72.dir
    size: 4726849996
    nfiles: 5994
  - path: ../scripts/run_dataset_utils.sh
    md5: a1a4738e234e1fa656483689a754e63a
    size: 2403
  params:
    params.yaml:
      dataset_utils_1.dataset_name: grand_place_brussels_minsz-512_valr-0.2_pts-2.0_down-25_src-meshed-poisson
      dataset_utils_1.dataset_parent_dir: /home/kremeto1/neural_rendering/datasets/post_processed/imc/grand_place_brussels_minsz-512_valr-0.2_pts-2.0_down-25_src-meshed-poisson
      dataset_utils_1.output_dir: /home/kremeto1/neural_rendering/datasets/final/imc/grand_place_brussels_minsz-512_valr-0.2_pts-2.0_down-25_src-meshed-poisson
  outs:
  - path: ../../datasets/final/imc/grand_place_brussels_minsz-512_valr-0.2_pts-2.0_down-25_src-meshed-poisson
    md5: d9bd1a58c987e9cd5d0fed9488ea0322.dir
    size: 3142730124
    nfiles: 2
dataset_utils_2:
  cmd: bash -lc "sbatch --wait ../scripts/run_dataset_utils.sh 2"
  deps:
  - path: ../../dataset_utils.py
    md5: 52dd3cd4c5e2097f93247c8cd03fac0b
    size: 10784
  - path: ../../datasets/post_processed/imc/grand_place_brussels_minsz-512_valr-0.2_pts-2.0_down-50_src-meshed-poisson
    md5: f4f68c4246f42767e683654fd8d07151.dir
    size: 4807382822
    nfiles: 5994
  - path: ../scripts/run_dataset_utils.sh
    md5: a1a4738e234e1fa656483689a754e63a
    size: 2403
  params:
    params.yaml:
      dataset_utils_2.dataset_name: grand_place_brussels_minsz-512_valr-0.2_pts-2.0_down-50_src-meshed-poisson
      dataset_utils_2.dataset_parent_dir: /home/kremeto1/neural_rendering/datasets/post_processed/imc/grand_place_brussels_minsz-512_valr-0.2_pts-2.0_down-50_src-meshed-poisson
      dataset_utils_2.output_dir: /home/kremeto1/neural_rendering/datasets/final/imc/grand_place_brussels_minsz-512_valr-0.2_pts-2.0_down-50_src-meshed-poisson
  outs:
  - path: ../../datasets/final/imc/grand_place_brussels_minsz-512_valr-0.2_pts-2.0_down-50_src-meshed-poisson
    md5: 29f5e6738018e33e75e80bd49ddda5e8.dir
    size: 3142730124
    nfiles: 2
dataset_utils_3:
  cmd: bash -lc "sbatch --wait ../scripts/run_dataset_utils.sh 3"
  deps:
  - path: ../../dataset_utils.py
    md5: 52dd3cd4c5e2097f93247c8cd03fac0b
    size: 10784
  - path: ../../datasets/post_processed/imc/grand_place_brussels_minsz-512_valr-0.2_pts-2.0_down-100_src-meshed-poisson
    md5: e71b55655a52907e8de5d793c77ffa20.dir
    size: 4849564283
    nfiles: 5994
  - path: ../scripts/run_dataset_utils.sh
    md5: a1a4738e234e1fa656483689a754e63a
    size: 2403
  params:
    params.yaml:
      dataset_utils_3.dataset_name: grand_place_brussels_minsz-512_valr-0.2_pts-2.0_down-100_src-meshed-poisson
      dataset_utils_3.dataset_parent_dir: /home/kremeto1/neural_rendering/datasets/post_processed/imc/grand_place_brussels_minsz-512_valr-0.2_pts-2.0_down-100_src-meshed-poisson
      dataset_utils_3.output_dir: /home/kremeto1/neural_rendering/datasets/final/imc/grand_place_brussels_minsz-512_valr-0.2_pts-2.0_down-100_src-meshed-poisson
  outs:
  - path: ../../datasets/final/imc/grand_place_brussels_minsz-512_valr-0.2_pts-2.0_down-100_src-meshed-poisson
    md5: d3a9b169723c12c07fcabe65be373c9a.dir
    size: 3142730124
    nfiles: 2
dataset_utils_4:
  cmd: bash -lc "sbatch --wait ../scripts/run_dataset_utils.sh 4"
  deps:
  - path: ../../dataset_utils.py
    md5: 52dd3cd4c5e2097f93247c8cd03fac0b
    size: 10784
  - path: ../../datasets/post_processed/imc/grand_place_brussels_minsz-512_valr-0.2_pts-2.0_down-25_src-fused
    md5: 7e36e2a4a34bf778155b0c9ab2bb5ccf.dir
    size: 5099070026
    nfiles: 5994
  - path: ../scripts/run_dataset_utils.sh
    md5: a1a4738e234e1fa656483689a754e63a
    size: 2403
  params:
    params.yaml:
      dataset_utils_4.dataset_name: grand_place_brussels_minsz-512_valr-0.2_pts-2.0_down-25_src-fused
      dataset_utils_4.dataset_parent_dir: /home/kremeto1/neural_rendering/datasets/post_processed/imc/grand_place_brussels_minsz-512_valr-0.2_pts-2.0_down-25_src-fused
      dataset_utils_4.output_dir: /home/kremeto1/neural_rendering/datasets/final/imc/grand_place_brussels_minsz-512_valr-0.2_pts-2.0_down-25_src-fused
  outs:
  - path: ../../datasets/final/imc/grand_place_brussels_minsz-512_valr-0.2_pts-2.0_down-25_src-fused
    md5: dd8b488099d3a8f7f0b76a49d7c89fbb.dir
    size: 3142730124
    nfiles: 2
dataset_utils_5:
  cmd: bash -lc "sbatch --wait ../scripts/run_dataset_utils.sh 5"
  deps:
  - path: ../../dataset_utils.py
    md5: 52dd3cd4c5e2097f93247c8cd03fac0b
    size: 10784
  - path: ../../datasets/post_processed/imc/grand_place_brussels_minsz-512_valr-0.2_pts-2.0_down-50_src-fused
    md5: fe1863b5c3ffb738ed7cc4dcfb6182d8.dir
    size: 5054840803
    nfiles: 5994
  - path: ../scripts/run_dataset_utils.sh
    md5: a1a4738e234e1fa656483689a754e63a
    size: 2403
  params:
    params.yaml:
      dataset_utils_5.dataset_name: grand_place_brussels_minsz-512_valr-0.2_pts-2.0_down-50_src-fused
      dataset_utils_5.dataset_parent_dir: /home/kremeto1/neural_rendering/datasets/post_processed/imc/grand_place_brussels_minsz-512_valr-0.2_pts-2.0_down-50_src-fused
      dataset_utils_5.output_dir: /home/kremeto1/neural_rendering/datasets/final/imc/grand_place_brussels_minsz-512_valr-0.2_pts-2.0_down-50_src-fused
  outs:
  - path: ../../datasets/final/imc/grand_place_brussels_minsz-512_valr-0.2_pts-2.0_down-50_src-fused
    md5: 6c492bebe6959a1faaf5397c3445784d.dir
    size: 3142730124
    nfiles: 2
dataset_utils_6:
  cmd: bash -lc "sbatch --wait ../scripts/run_dataset_utils.sh 6"
  deps:
  - path: ../../dataset_utils.py
    md5: 52dd3cd4c5e2097f93247c8cd03fac0b
    size: 10784
  - path: ../../datasets/post_processed/imc/grand_place_brussels_minsz-512_valr-0.2_pts-2.0_down-100_src-fused
    md5: dfccc8057fe7c35d65d9321d8e858b82.dir
    size: 5061932320
    nfiles: 5994
  - path: ../scripts/run_dataset_utils.sh
    md5: a1a4738e234e1fa656483689a754e63a
    size: 2403
  params:
    params.yaml:
      dataset_utils_6.dataset_name: grand_place_brussels_minsz-512_valr-0.2_pts-2.0_down-100_src-fused
      dataset_utils_6.dataset_parent_dir: /home/kremeto1/neural_rendering/datasets/post_processed/imc/grand_place_brussels_minsz-512_valr-0.2_pts-2.0_down-100_src-fused
      dataset_utils_6.output_dir: /home/kremeto1/neural_rendering/datasets/final/imc/grand_place_brussels_minsz-512_valr-0.2_pts-2.0_down-100_src-fused
  outs:
  - path: ../../datasets/final/imc/grand_place_brussels_minsz-512_valr-0.2_pts-2.0_down-100_src-fused
    md5: 2380d954797f870518eabd400419b9a9.dir
    size: 3142730124
    nfiles: 2
train_nriw_1:
  cmd: bash -lc "sbatch --wait ../scripts/train_nriw.sh 1"
  deps:
  - path: ../../datasets/final/imc/grand_place_brussels_minsz-512_valr-0.2_pts-2.0_down-25_src-meshed-poisson
    md5: d9bd1a58c987e9cd5d0fed9488ea0322.dir
    size: 3142730124
    nfiles: 2
  - path: ../../neural_rerendering.py
    md5: ef68171c13d1f2711122a6fa6119836e
    size: 32119
  - path: ../../pretrain_appearance.py
    md5: 3f1792d2629f2051224c03efe83c7829
    size: 13586
  - path: ../scripts/train_nriw.sh
    md5: a78202c553d3ffecc02fd14a5baa7034
    size: 11464
  params:
    params.yaml:
      train_nriw_1.dataset_name: grand_place_brussels_minsz-512_valr-0.2_pts-2.0_down-25_src-meshed-poisson
      train_nriw_1.dataset_parent_dir: /home/kremeto1/neural_rendering/datasets/final/imc/grand_place_brussels_minsz-512_valr-0.2_pts-2.0_down-25_src-meshed-poisson
      train_nriw_1.model_parent_dir: /home/kremeto1/neural_rendering/models/grand_place_brussels/
  outs:
  - path: ../../models/grand_place_brussels/grand_place_brussels_minsz-512_valr-0.2_pts-2.0_down-25_src-meshed-poisson-2020-12-26-19-31-08-finetune_appearance
    md5: 4c12317621705495c47598dd2d8c4d0d.dir
    size: 3490304739
    nfiles: 16
train_nriw_2:
  cmd: bash -lc "sbatch --wait ../scripts/train_nriw.sh 2"
  deps:
  - path: ../../datasets/final/imc/grand_place_brussels_minsz-512_valr-0.2_pts-2.0_down-50_src-meshed-poisson
    md5: 29f5e6738018e33e75e80bd49ddda5e8.dir
    size: 3142730124
    nfiles: 2
  - path: ../../neural_rerendering.py
    md5: ef68171c13d1f2711122a6fa6119836e
    size: 32119
  - path: ../../pretrain_appearance.py
    md5: 3f1792d2629f2051224c03efe83c7829
    size: 13586
  - path: ../scripts/train_nriw.sh
    md5: a78202c553d3ffecc02fd14a5baa7034
    size: 11464
  params:
    params.yaml:
      train_nriw_2.dataset_name: grand_place_brussels_minsz-512_valr-0.2_pts-2.0_down-50_src-meshed-poisson
      train_nriw_2.dataset_parent_dir: /home/kremeto1/neural_rendering/datasets/final/imc/grand_place_brussels_minsz-512_valr-0.2_pts-2.0_down-50_src-meshed-poisson
      train_nriw_2.model_parent_dir: /home/kremeto1/neural_rendering/models/grand_place_brussels/
  outs:
  - path: ../../models/grand_place_brussels/grand_place_brussels_minsz-512_valr-0.2_pts-2.0_down-50_src-meshed-poisson-2021-01-05-23-23-07-finetune_appearance
    md5: 2333e12b4dffd106e4a8a4524c8433de.dir
    size: 3497924139
    nfiles: 16
train_nriw_3:
  cmd: bash -lc "sbatch --wait ../scripts/train_nriw.sh 3"
  deps:
  - path: ../../datasets/final/imc/grand_place_brussels_minsz-512_valr-0.2_pts-2.0_down-100_src-meshed-poisson
    md5: d3a9b169723c12c07fcabe65be373c9a.dir
    size: 3142730124
    nfiles: 2
  - path: ../../neural_rerendering.py
    md5: ef68171c13d1f2711122a6fa6119836e
    size: 32119
  - path: ../../pretrain_appearance.py
    md5: 3f1792d2629f2051224c03efe83c7829
    size: 13586
  - path: ../scripts/train_nriw.sh
    md5: a78202c553d3ffecc02fd14a5baa7034
    size: 11464
  params:
    params.yaml:
      train_nriw_3.dataset_name: grand_place_brussels_minsz-512_valr-0.2_pts-2.0_down-100_src-meshed-poisson
      train_nriw_3.dataset_parent_dir: /home/kremeto1/neural_rendering/datasets/final/imc/grand_place_brussels_minsz-512_valr-0.2_pts-2.0_down-100_src-meshed-poisson
      train_nriw_3.model_parent_dir: /home/kremeto1/neural_rendering/models/grand_place_brussels/
  outs:
  - path: ../../models/grand_place_brussels/grand_place_brussels_minsz-512_valr-0.2_pts-2.0_down-100_src-meshed-poisson-2020-12-19-18-28-56-finetune_appearance
    md5: 96052b233c12fd5f047848afe936a93c.dir
    size: 3496435196
    nfiles: 16
train_nriw_4:
  cmd: bash -lc "sbatch --wait ../scripts/train_nriw.sh 4"
  deps:
  - path: ../../datasets/final/imc/grand_place_brussels_minsz-512_valr-0.2_pts-2.0_down-25_src-fused
    md5: dd8b488099d3a8f7f0b76a49d7c89fbb.dir
    size: 3142730124
    nfiles: 2
  - path: ../../neural_rerendering.py
    md5: ef68171c13d1f2711122a6fa6119836e
    size: 32119
  - path: ../../pretrain_appearance.py
    md5: 3f1792d2629f2051224c03efe83c7829
    size: 13586
  - path: ../scripts/train_nriw.sh
    md5: a78202c553d3ffecc02fd14a5baa7034
    size: 11464
  params:
    params.yaml:
      train_nriw_4.dataset_name: grand_place_brussels_minsz-512_valr-0.2_pts-2.0_down-25_src-fused
      train_nriw_4.dataset_parent_dir: /home/kremeto1/neural_rendering/datasets/final/imc/grand_place_brussels_minsz-512_valr-0.2_pts-2.0_down-25_src-fused
      train_nriw_4.model_parent_dir: /home/kremeto1/neural_rendering/models/grand_place_brussels/
  outs:
  - path: ../../models/grand_place_brussels/grand_place_brussels_minsz-512_valr-0.2_pts-2.0_down-25_src-fused-2021-01-05-23-23-46-finetune_appearance
    md5: f0b27b5fc5bab20bddeb6713514697a7.dir
    size: 3509500912
    nfiles: 16
train_nriw_5:
  cmd: bash -lc "sbatch --wait ../scripts/train_nriw.sh 5"
  deps:
  - path: ../../datasets/final/imc/grand_place_brussels_minsz-512_valr-0.2_pts-2.0_down-50_src-fused
    md5: 6c492bebe6959a1faaf5397c3445784d.dir
    size: 3142730124
    nfiles: 2
  - path: ../../neural_rerendering.py
    md5: ef68171c13d1f2711122a6fa6119836e
    size: 32119
  - path: ../../pretrain_appearance.py
    md5: 3f1792d2629f2051224c03efe83c7829
    size: 13586
  - path: ../scripts/train_nriw.sh
    md5: a78202c553d3ffecc02fd14a5baa7034
    size: 11464
  params:
    params.yaml:
      train_nriw_5.dataset_name: grand_place_brussels_minsz-512_valr-0.2_pts-2.0_down-50_src-fused
      train_nriw_5.dataset_parent_dir: /home/kremeto1/neural_rendering/datasets/final/imc/grand_place_brussels_minsz-512_valr-0.2_pts-2.0_down-50_src-fused
      train_nriw_5.model_parent_dir: /home/kremeto1/neural_rendering/models/grand_place_brussels/
  outs:
  - path: ../../models/grand_place_brussels/grand_place_brussels_minsz-512_valr-0.2_pts-2.0_down-50_src-fused-2021-01-06-05-27-51-finetune_appearance
    md5: e9f62d968ee7aa117610fa532b93c91b.dir
    size: 3506548500
    nfiles: 16
train_nriw_6:
  cmd: bash -lc "sbatch --wait ../scripts/train_nriw.sh 6"
  deps:
  - path: ../../datasets/final/imc/grand_place_brussels_minsz-512_valr-0.2_pts-2.0_down-100_src-fused
    md5: 2380d954797f870518eabd400419b9a9.dir
    size: 3142730124
    nfiles: 2
  - path: ../../neural_rerendering.py
    md5: ef68171c13d1f2711122a6fa6119836e
    size: 32135
  - path: ../../pretrain_appearance.py
    md5: 3f1792d2629f2051224c03efe83c7829
    size: 13734
  params:
    params.yaml:
      train_nriw_6.dataset_name: grand_place_brussels_minsz-512_valr-0.2_pts-2.0_down-100_src-fused
      train_nriw_6.dataset_parent_dir: /home/kremeto1/neural_rendering/datasets/final/imc/grand_place_brussels_minsz-512_valr-0.2_pts-2.0_down-100_src-fused
      train_nriw_6.model_parent_dir: /home/kremeto1/neural_rendering/models/grand_place_brussels/
  outs:
  - path: ../../models/grand_place_brussels/grand_place_brussels_minsz-512_valr-0.2_pts-2.0_down-100_src-fused-2020-12-19-00-07-25-finetune_appearance
    md5: 7ec6bc47a663df977d218ebbe6c8423d.dir
    size: 11370835856
    nfiles: 40
evaluate_nriw_6:
  cmd: bash -lc "sbatch --wait ../scripts/evaluate_nriw.sh 6"
  deps:
  - path: ../../evaluate_quantitative_metrics.py
    md5: 7d1acafc001bed3bebcb51b323518745
    size: 4340
  - path: ../../models/grand_place_brussels/grand_place_brussels_minsz-512_valr-0.2_pts-2.0_down-100_src-fused-2020-12-19-00-07-25-finetune_appearance
    md5: b732f31163108c08f1224d2861cbaebb.dir
    size: 3508197837
    nfiles: 16
  - path: ../../neural_rerendering.py
    md5: b2aba3d7ce1cac17900eea8ae7317128
    size: 32119
  params:
    params.yaml:
      evaluate_nriw_6.dataset_name: grand_place_brussels_minsz-512_valr-0.2_pts-2.0_down-100_src-fused
      evaluate_nriw_6.dataset_parent_dir: /home/kremeto1/neural_rendering/datasets/final/imc/grand_place_brussels_minsz-512_valr-0.2_pts-2.0_down-100_src-fused
      evaluate_nriw_6.model_parent_dir: /home/kremeto1/neural_rendering/models/grand_place_brussels/
      evaluate_nriw_6.timestamp: 2020-12-19-00-07-25
evaluate_nriw_1:
  cmd: bash -lc "sbatch --wait ../scripts/evaluate_nriw.sh 1"
  deps:
  - path: ../../evaluate_quantitative_metrics.py
    md5: 7d1acafc001bed3bebcb51b323518745
    size: 4340
  - path: ../../models/grand_place_brussels/grand_place_brussels_minsz-512_valr-0.2_pts-2.0_down-25_src-meshed-poisson-2020-12-26-19-31-08-finetune_appearance
    md5: 4c12317621705495c47598dd2d8c4d0d.dir
    size: 3490304739
    nfiles: 16
  - path: ../../neural_rerendering.py
    md5: ef68171c13d1f2711122a6fa6119836e
    size: 32135
  params:
    params.yaml:
      evaluate_nriw_1.dataset_name: grand_place_brussels_minsz-512_valr-0.2_pts-2.0_down-25_src-meshed-poisson
      evaluate_nriw_1.dataset_parent_dir: /home/kremeto1/neural_rendering/datasets/final/imc/grand_place_brussels_minsz-512_valr-0.2_pts-2.0_down-25_src-meshed-poisson
      evaluate_nriw_1.model_parent_dir: /home/kremeto1/neural_rendering/models/grand_place_brussels/
      evaluate_nriw_1.timestamp: 2020-12-26-19-31-08
evaluate_nriw_2:
  cmd: bash -lc "sbatch --wait ../scripts/evaluate_nriw.sh 2"
  deps:
  - path: ../../evaluate_quantitative_metrics.py
    md5: 7d1acafc001bed3bebcb51b323518745
    size: 4340
  - path: ../../models/grand_place_brussels/grand_place_brussels_minsz-512_valr-0.2_pts-2.0_down-50_src-meshed-poisson-2021-01-05-23-23-07-finetune_appearance
    md5: 2333e12b4dffd106e4a8a4524c8433de.dir
    size: 3497924139
    nfiles: 16
  - path: ../../neural_rerendering.py
    md5: ef68171c13d1f2711122a6fa6119836e
    size: 32135
  params:
    params.yaml:
      evaluate_nriw_2.dataset_name: grand_place_brussels_minsz-512_valr-0.2_pts-2.0_down-50_src-meshed-poisson
      evaluate_nriw_2.dataset_parent_dir: /home/kremeto1/neural_rendering/datasets/final/imc/grand_place_brussels_minsz-512_valr-0.2_pts-2.0_down-50_src-meshed-poisson
      evaluate_nriw_2.model_parent_dir: /home/kremeto1/neural_rendering/models/grand_place_brussels/
      evaluate_nriw_2.timestamp: 2021-01-05-23-23-07
evaluate_nriw_3:
  cmd: bash -lc "sbatch --wait ../scripts/evaluate_nriw.sh 3"
  deps:
  - path: ../../evaluate_quantitative_metrics.py
    md5: 7d1acafc001bed3bebcb51b323518745
    size: 4340
  - path: ../../models/grand_place_brussels/grand_place_brussels_minsz-512_valr-0.2_pts-2.0_down-100_src-meshed-poisson-2020-12-19-18-28-56-finetune_appearance
    md5: 96052b233c12fd5f047848afe936a93c.dir
    size: 3496435196
    nfiles: 16
  - path: ../../neural_rerendering.py
    md5: ef68171c13d1f2711122a6fa6119836e
    size: 32135
  params:
    params.yaml:
      evaluate_nriw_3.dataset_name: grand_place_brussels_minsz-512_valr-0.2_pts-2.0_down-100_src-meshed-poisson
      evaluate_nriw_3.dataset_parent_dir: /home/kremeto1/neural_rendering/datasets/final/imc/grand_place_brussels_minsz-512_valr-0.2_pts-2.0_down-100_src-meshed-poisson
      evaluate_nriw_3.model_parent_dir: /home/kremeto1/neural_rendering/models/grand_place_brussels/
      evaluate_nriw_3.timestamp: 2020-12-19-18-28-56
evaluate_nriw_4:
  cmd: bash -lc "sbatch --wait ../scripts/evaluate_nriw.sh 4"
  deps:
  - path: ../../evaluate_quantitative_metrics.py
    md5: 7d1acafc001bed3bebcb51b323518745
    size: 4340
  - path: ../../models/grand_place_brussels/grand_place_brussels_minsz-512_valr-0.2_pts-2.0_down-25_src-fused-2021-01-05-23-23-46-finetune_appearance
    md5: f0b27b5fc5bab20bddeb6713514697a7.dir
    size: 3509500912
    nfiles: 16
  - path: ../../neural_rerendering.py
    md5: ef68171c13d1f2711122a6fa6119836e
    size: 32135
  params:
    params.yaml:
      evaluate_nriw_4.dataset_name: grand_place_brussels_minsz-512_valr-0.2_pts-2.0_down-25_src-fused
      evaluate_nriw_4.dataset_parent_dir: /home/kremeto1/neural_rendering/datasets/final/imc/grand_place_brussels_minsz-512_valr-0.2_pts-2.0_down-25_src-fused
      evaluate_nriw_4.model_parent_dir: /home/kremeto1/neural_rendering/models/grand_place_brussels/
      evaluate_nriw_4.timestamp: 2021-01-05-23-23-46
evaluate_nriw_5:
  cmd: bash -lc "sbatch --wait ../scripts/evaluate_nriw.sh 5"
  deps:
  - path: ../../evaluate_quantitative_metrics.py
    md5: 7d1acafc001bed3bebcb51b323518745
    size: 4340
  - path: ../../models/grand_place_brussels/grand_place_brussels_minsz-512_valr-0.2_pts-2.0_down-50_src-fused-2021-01-06-05-27-51-finetune_appearance
    md5: e9f62d968ee7aa117610fa532b93c91b.dir
    size: 3506548500
    nfiles: 16
  - path: ../../neural_rerendering.py
    md5: ef68171c13d1f2711122a6fa6119836e
    size: 32135
  params:
    params.yaml:
      evaluate_nriw_5.dataset_name: grand_place_brussels_minsz-512_valr-0.2_pts-2.0_down-50_src-fused
      evaluate_nriw_5.dataset_parent_dir: /home/kremeto1/neural_rendering/datasets/final/imc/grand_place_brussels_minsz-512_valr-0.2_pts-2.0_down-50_src-fused
      evaluate_nriw_5.model_parent_dir: /home/kremeto1/neural_rendering/models/grand_place_brussels/
      evaluate_nriw_5.timestamp: 2021-01-06-05-27-51
render_colmap_7:
  cmd: bash -lc "sbatch --wait ../scripts/render_colmap.sh 7"
  deps:
  - path: ../../colmap/load_data.py
    md5: c0cb2744079e888122587ede3812a510
    size: 13822
  - path: ../../datasets/processed/imc/grand_place_brussels
    md5: a797717ea4f46d0fa7fe8f14b2b03494.dir
    size: 30704450158
    nfiles: 6479
  - path: ../scripts/render_colmap.sh
    md5: df670a9730448d4733e55047b0ee1068
    size: 2190
  params:
    params.yaml:
      render_colmap_7.ply_file: meshed-poisson.ply
      render_colmap_7.root: /home/kremeto1/neural_rendering/datasets/processed/imc/grand_place_brussels/dense/dense
      render_colmap_7.src_output: /home/kremeto1/neural_rendering/datasets/post_processed/imc/grand_place_brussels_minsz-512_valr-0.2_pts-2.0_down-1_src-meshed-poisson
      render_colmap_7.voxel_size: 0.067
  outs:
  - path: ../../datasets/post_processed/imc/grand_place_brussels_minsz-512_valr-0.2_pts-2.0_down-1_src-meshed-poisson
    md5: 50d1aae10896b128f833dfdd0a50b232.dir
    size: 4474081583
    nfiles: 3996
render_colmap_8:
  cmd: bash -lc "sbatch --wait ../scripts/render_colmap.sh 8"
  deps:
  - path: ../../colmap/load_data.py
    md5: c0cb2744079e888122587ede3812a510
    size: 13822
  - path: ../../datasets/processed/imc/grand_place_brussels
    md5: a797717ea4f46d0fa7fe8f14b2b03494.dir
    size: 30704450158
    nfiles: 6479
  - path: ../scripts/render_colmap.sh
    md5: df670a9730448d4733e55047b0ee1068
    size: 2190
  params:
    params.yaml:
      render_colmap_8.ply_file: meshed-poisson.ply
      render_colmap_8.root: /home/kremeto1/neural_rendering/datasets/processed/imc/grand_place_brussels/dense/dense
      render_colmap_8.src_output: /home/kremeto1/neural_rendering/datasets/post_processed/imc/grand_place_brussels_minsz-512_valr-0.2_pts-2.0_down-5_src-meshed-poisson
      render_colmap_8.voxel_size: 0.039
  outs:
  - path: ../../datasets/post_processed/imc/grand_place_brussels_minsz-512_valr-0.2_pts-2.0_down-5_src-meshed-poisson
    md5: b078c16a591f4e6f8f49b6dcbe97f0a6.dir
    size: 4566811266
    nfiles: 3996
render_colmap_9:
  cmd: bash -lc "sbatch --wait ../scripts/render_colmap.sh 9"
  deps:
  - path: ../../colmap/load_data.py
    md5: c0cb2744079e888122587ede3812a510
    size: 13822
  - path: ../../datasets/processed/imc/grand_place_brussels
    md5: a797717ea4f46d0fa7fe8f14b2b03494.dir
    size: 30704450158
    nfiles: 6479
  - path: ../scripts/render_colmap.sh
    md5: df670a9730448d4733e55047b0ee1068
    size: 2190
  params:
    params.yaml:
      render_colmap_9.ply_file: meshed-poisson.ply
      render_colmap_9.root: /home/kremeto1/neural_rendering/datasets/processed/imc/grand_place_brussels/dense/dense
      render_colmap_9.src_output: /home/kremeto1/neural_rendering/datasets/post_processed/imc/grand_place_brussels_minsz-512_valr-0.2_pts-2.0_down-10_src-meshed-poisson
      render_colmap_9.voxel_size: 0.027
  outs:
  - path: ../../datasets/post_processed/imc/grand_place_brussels_minsz-512_valr-0.2_pts-2.0_down-10_src-meshed-poisson
    md5: cecacbd61f50343db272c2543edaf229.dir
    size: 4632803797
    nfiles: 3996
render_colmap_10:
  cmd: bash -lc "sbatch --wait ../scripts/render_colmap.sh 10"
  deps:
  - path: ../../colmap/load_data.py
    md5: c0cb2744079e888122587ede3812a510
    size: 13822
  - path: ../../datasets/processed/imc/grand_place_brussels
    md5: a797717ea4f46d0fa7fe8f14b2b03494.dir
    size: 30704450158
    nfiles: 6479
  - path: ../scripts/render_colmap.sh
    md5: df670a9730448d4733e55047b0ee1068
    size: 2190
  params:
    params.yaml:
      render_colmap_10.ply_file: fused.ply
      render_colmap_10.root: /home/kremeto1/neural_rendering/datasets/processed/imc/grand_place_brussels/dense/dense
      render_colmap_10.src_output: /home/kremeto1/neural_rendering/datasets/post_processed/imc/grand_place_brussels_minsz-512_valr-0.2_pts-2.0_down-1_src-fused
      render_colmap_10.voxel_size: 0.058
  outs:
  - path: ../../datasets/post_processed/imc/grand_place_brussels_minsz-512_valr-0.2_pts-2.0_down-1_src-fused
    md5: ee984b61464a15761009a8ab7b581bf5.dir
    size: 4567482103
    nfiles: 3996
render_colmap_11:
  cmd: bash -lc "sbatch --wait ../scripts/render_colmap.sh 11"
  deps:
  - path: ../../colmap/load_data.py
    md5: c0cb2744079e888122587ede3812a510
    size: 13822
  - path: ../../datasets/processed/imc/grand_place_brussels
    md5: a797717ea4f46d0fa7fe8f14b2b03494.dir
    size: 30704450158
    nfiles: 6479
  - path: ../scripts/render_colmap.sh
    md5: df670a9730448d4733e55047b0ee1068
    size: 2190
  params:
    params.yaml:
      render_colmap_11.ply_file: fused.ply
      render_colmap_11.root: /home/kremeto1/neural_rendering/datasets/processed/imc/grand_place_brussels/dense/dense
      render_colmap_11.src_output: /home/kremeto1/neural_rendering/datasets/post_processed/imc/grand_place_brussels_minsz-512_valr-0.2_pts-2.0_down-5_src-fused
      render_colmap_11.voxel_size: 0.035
  outs:
  - path: ../../datasets/post_processed/imc/grand_place_brussels_minsz-512_valr-0.2_pts-2.0_down-5_src-fused
    md5: 5631c37b7475f29dd951a3da4a53f483.dir
    size: 4901761795
    nfiles: 3996
render_colmap_12:
  cmd: bash -lc "sbatch --wait ../scripts/render_colmap.sh 12"
  deps:
  - path: ../../colmap/load_data.py
    md5: c0cb2744079e888122587ede3812a510
    size: 13822
  - path: ../../datasets/processed/imc/grand_place_brussels
    md5: a797717ea4f46d0fa7fe8f14b2b03494.dir
    size: 30704450158
    nfiles: 6479
  - path: ../scripts/render_colmap.sh
    md5: df670a9730448d4733e55047b0ee1068
    size: 2190
  params:
    params.yaml:
      render_colmap_12.ply_file: fused.ply
      render_colmap_12.root: /home/kremeto1/neural_rendering/datasets/processed/imc/grand_place_brussels/dense/dense
      render_colmap_12.src_output: /home/kremeto1/neural_rendering/datasets/post_processed/imc/grand_place_brussels_minsz-512_valr-0.2_pts-2.0_down-10_src-fused
      render_colmap_12.voxel_size: 0.024
  outs:
  - path: ../../datasets/post_processed/imc/grand_place_brussels_minsz-512_valr-0.2_pts-2.0_down-10_src-fused
    md5: a2bca00f05f368ca0163b5fe6309180a.dir
    size: 5078703095
    nfiles: 3996
dataset_utils_7:
  cmd: bash -lc "sbatch --wait ../scripts/run_dataset_utils.sh 7"
  deps:
  - path: ../../dataset_utils.py
    md5: 52dd3cd4c5e2097f93247c8cd03fac0b
    size: 10784
  - path: ../../datasets/post_processed/imc/grand_place_brussels_minsz-512_valr-0.2_pts-2.0_down-1_src-meshed-poisson
    md5: 50d1aae10896b128f833dfdd0a50b232.dir
    size: 4474081583
    nfiles: 5994
  - path: ../scripts/run_dataset_utils.sh
    md5: a1a4738e234e1fa656483689a754e63a
    size: 2403
  params:
    params.yaml:
      dataset_utils_7.dataset_name: grand_place_brussels_minsz-512_valr-0.2_pts-2.0_down-1_src-meshed-poisson
      dataset_utils_7.dataset_parent_dir: /home/kremeto1/neural_rendering/datasets/post_processed/imc/grand_place_brussels_minsz-512_valr-0.2_pts-2.0_down-1_src-meshed-poisson
      dataset_utils_7.output_dir: /home/kremeto1/neural_rendering/datasets/final/imc/grand_place_brussels_minsz-512_valr-0.2_pts-2.0_down-1_src-meshed-poisson
  outs:
  - path: ../../datasets/final/imc/grand_place_brussels_minsz-512_valr-0.2_pts-2.0_down-1_src-meshed-poisson
    md5: bb8fff6f5273ab7e7815ffbd9eabc800.dir
    size: 3142730124
    nfiles: 2
dataset_utils_8:
  cmd: bash -lc "sbatch --wait ../scripts/run_dataset_utils.sh 8"
  deps:
  - path: ../../dataset_utils.py
    md5: 52dd3cd4c5e2097f93247c8cd03fac0b
    size: 10784
  - path: ../../datasets/post_processed/imc/grand_place_brussels_minsz-512_valr-0.2_pts-2.0_down-5_src-meshed-poisson
    md5: b078c16a591f4e6f8f49b6dcbe97f0a6.dir
    size: 4566811266
    nfiles: 5994
  - path: ../scripts/run_dataset_utils.sh
    md5: a1a4738e234e1fa656483689a754e63a
    size: 2403
  params:
    params.yaml:
      dataset_utils_8.dataset_name: grand_place_brussels_minsz-512_valr-0.2_pts-2.0_down-5_src-meshed-poisson
      dataset_utils_8.dataset_parent_dir: /home/kremeto1/neural_rendering/datasets/post_processed/imc/grand_place_brussels_minsz-512_valr-0.2_pts-2.0_down-5_src-meshed-poisson
      dataset_utils_8.output_dir: /home/kremeto1/neural_rendering/datasets/final/imc/grand_place_brussels_minsz-512_valr-0.2_pts-2.0_down-5_src-meshed-poisson
  outs:
  - path: ../../datasets/final/imc/grand_place_brussels_minsz-512_valr-0.2_pts-2.0_down-5_src-meshed-poisson
    md5: cd0b3f609e3b8a2163d5f31572f29534.dir
    size: 3142730124
    nfiles: 2
dataset_utils_9:
  cmd: bash -lc "sbatch --wait ../scripts/run_dataset_utils.sh 9"
  deps:
  - path: ../../dataset_utils.py
    md5: 52dd3cd4c5e2097f93247c8cd03fac0b
    size: 10784
  - path: ../../datasets/post_processed/imc/grand_place_brussels_minsz-512_valr-0.2_pts-2.0_down-10_src-meshed-poisson
    md5: cecacbd61f50343db272c2543edaf229.dir
    size: 4632803797
    nfiles: 5994
  - path: ../scripts/run_dataset_utils.sh
    md5: a1a4738e234e1fa656483689a754e63a
    size: 2403
  params:
    params.yaml:
      dataset_utils_9.dataset_name: grand_place_brussels_minsz-512_valr-0.2_pts-2.0_down-10_src-meshed-poisson
      dataset_utils_9.dataset_parent_dir: /home/kremeto1/neural_rendering/datasets/post_processed/imc/grand_place_brussels_minsz-512_valr-0.2_pts-2.0_down-10_src-meshed-poisson
      dataset_utils_9.output_dir: /home/kremeto1/neural_rendering/datasets/final/imc/grand_place_brussels_minsz-512_valr-0.2_pts-2.0_down-10_src-meshed-poisson
  outs:
  - path: ../../datasets/final/imc/grand_place_brussels_minsz-512_valr-0.2_pts-2.0_down-10_src-meshed-poisson
    md5: e2f502c0314cc7b4c358520e802d875c.dir
    size: 3142730124
    nfiles: 2
dataset_utils_10:
  cmd: bash -lc "sbatch --wait ../scripts/run_dataset_utils.sh 10"
  deps:
  - path: ../../dataset_utils.py
    md5: 52dd3cd4c5e2097f93247c8cd03fac0b
    size: 10784
  - path: ../../datasets/post_processed/imc/grand_place_brussels_minsz-512_valr-0.2_pts-2.0_down-1_src-fused
    md5: ee984b61464a15761009a8ab7b581bf5.dir
    size: 4567482103
    nfiles: 5994
  - path: ../scripts/run_dataset_utils.sh
    md5: a1a4738e234e1fa656483689a754e63a
    size: 2403
  params:
    params.yaml:
      dataset_utils_10.dataset_name: grand_place_brussels_minsz-512_valr-0.2_pts-2.0_down-1_src-fused
      dataset_utils_10.dataset_parent_dir: /home/kremeto1/neural_rendering/datasets/post_processed/imc/grand_place_brussels_minsz-512_valr-0.2_pts-2.0_down-1_src-fused
      dataset_utils_10.output_dir: /home/kremeto1/neural_rendering/datasets/final/imc/grand_place_brussels_minsz-512_valr-0.2_pts-2.0_down-1_src-fused
  outs:
  - path: ../../datasets/final/imc/grand_place_brussels_minsz-512_valr-0.2_pts-2.0_down-1_src-fused
    md5: 95c5127d295b5c6cd1610b3a2d57b4d1.dir
    size: 3142730124
    nfiles: 2
dataset_utils_11:
  cmd: bash -lc "sbatch --wait ../scripts/run_dataset_utils.sh 11"
  deps:
  - path: ../../dataset_utils.py
    md5: 52dd3cd4c5e2097f93247c8cd03fac0b
    size: 10784
  - path: ../../datasets/post_processed/imc/grand_place_brussels_minsz-512_valr-0.2_pts-2.0_down-5_src-fused
    md5: 5631c37b7475f29dd951a3da4a53f483.dir
    size: 4901761795
    nfiles: 5994
  - path: ../scripts/run_dataset_utils.sh
    md5: a1a4738e234e1fa656483689a754e63a
    size: 2403
  params:
    params.yaml:
      dataset_utils_11.dataset_name: grand_place_brussels_minsz-512_valr-0.2_pts-2.0_down-5_src-fused
      dataset_utils_11.dataset_parent_dir: /home/kremeto1/neural_rendering/datasets/post_processed/imc/grand_place_brussels_minsz-512_valr-0.2_pts-2.0_down-5_src-fused
      dataset_utils_11.output_dir: /home/kremeto1/neural_rendering/datasets/final/imc/grand_place_brussels_minsz-512_valr-0.2_pts-2.0_down-5_src-fused
  outs:
  - path: ../../datasets/final/imc/grand_place_brussels_minsz-512_valr-0.2_pts-2.0_down-5_src-fused
    md5: 813087d60229194d5328d4d83777c20d.dir
    size: 3142730124
    nfiles: 2
dataset_utils_12:
  cmd: bash -lc "sbatch --wait ../scripts/run_dataset_utils.sh 12"
  deps:
  - path: ../../dataset_utils.py
    md5: 52dd3cd4c5e2097f93247c8cd03fac0b
    size: 10784
  - path: ../../datasets/post_processed/imc/grand_place_brussels_minsz-512_valr-0.2_pts-2.0_down-10_src-fused
    md5: a2bca00f05f368ca0163b5fe6309180a.dir
    size: 5078703095
    nfiles: 5994
  - path: ../scripts/run_dataset_utils.sh
    md5: a1a4738e234e1fa656483689a754e63a
    size: 2403
  params:
    params.yaml:
      dataset_utils_12.dataset_name: grand_place_brussels_minsz-512_valr-0.2_pts-2.0_down-10_src-fused
      dataset_utils_12.dataset_parent_dir: /home/kremeto1/neural_rendering/datasets/post_processed/imc/grand_place_brussels_minsz-512_valr-0.2_pts-2.0_down-10_src-fused
      dataset_utils_12.output_dir: /home/kremeto1/neural_rendering/datasets/final/imc/grand_place_brussels_minsz-512_valr-0.2_pts-2.0_down-10_src-fused
  outs:
  - path: ../../datasets/final/imc/grand_place_brussels_minsz-512_valr-0.2_pts-2.0_down-10_src-fused
    md5: b0ffa559e4eef1901f7395d210697fc9.dir
    size: 3142730124
    nfiles: 2
