render_colmap_1:
  cmd: bash -lc "sbatch --wait ../scripts/render_colmap.sh 1"
  deps:
  - path: ../../colmap/load_data.py
    md5: 2321dc981ba3117982cf0acc6787802c
    size: 13432
  - path: ../../datasets/processed/imc/hagia_sophia_interior
    md5: 8ab6cedf0a9f6a0133d98919b4b2412f.dir
    size: 26760354702
    nfiles: 5338
  - path: ../scripts/render_colmap.sh
    md5: 531b3e7283932e405ad2fffbb5f99699
    size: 1986
  params:
    params.yaml:
      render_colmap_1.voxel_size: 0.01
      render_colmap_1.ply_file: meshed-poisson.ply
      render_colmap_1.root: /home/kremeto1/neural_rendering/datasets/processed/imc/hagia_sophia_interior/dense/dense/0
      render_colmap_1.src_output: /home/kremeto1/neural_rendering/datasets/post_processed/imc/hagia_sophia_interior_minsz-512_valr-0.2_pts-2.0_down-25_src-meshed-poisson
  outs:
  - path: ../../datasets/post_processed/imc/hagia_sophia_interior_minsz-512_valr-0.2_pts-2.0_down-25_src-meshed-poisson
    md5: 59792a3e0d4e0757d99ed6870170d8ac.dir
    size: 4671992872
    nfiles: 5082
render_colmap_2:
  cmd: bash -lc "sbatch --wait ../scripts/render_colmap.sh 2"
  deps:
  - path: ../../colmap/load_data.py
    md5: 2321dc981ba3117982cf0acc6787802c
    size: 13432
  - path: ../../datasets/processed/imc/hagia_sophia_interior
    md5: 8ab6cedf0a9f6a0133d98919b4b2412f.dir
    size: 26760354702
    nfiles: 5338
  - path: ../scripts/render_colmap.sh
    md5: 531b3e7283932e405ad2fffbb5f99699
    size: 1986
  params:
    params.yaml:
      render_colmap_2.voxel_size: 0.005
      render_colmap_2.ply_file: meshed-poisson.ply
      render_colmap_2.root: /home/kremeto1/neural_rendering/datasets/processed/imc/hagia_sophia_interior/dense/dense/0
      render_colmap_2.src_output: /home/kremeto1/neural_rendering/datasets/post_processed/imc/hagia_sophia_interior_minsz-512_valr-0.2_pts-2.0_down-50_src-meshed-poisson
  outs:
  - path: ../../datasets/post_processed/imc/hagia_sophia_interior_minsz-512_valr-0.2_pts-2.0_down-50_src-meshed-poisson
    md5: 8304901ef98b2855b3c83b9e9b1d1954.dir
    size: 4762718749
    nfiles: 5082
render_colmap_3:
  cmd: bash -lc "sbatch --wait ../scripts/render_colmap.sh 3"
  deps:
  - path: ../../colmap/load_data.py
    md5: 2321dc981ba3117982cf0acc6787802c
    size: 13432
  - path: ../../datasets/processed/imc/hagia_sophia_interior
    md5: 8ab6cedf0a9f6a0133d98919b4b2412f.dir
    size: 26760354702
    nfiles: 5338
  - path: ../scripts/render_colmap.sh
    md5: 531b3e7283932e405ad2fffbb5f99699
    size: 1986
  params:
    params.yaml:
      render_colmap_3.voxel_size: None
      render_colmap_3.ply_file: meshed-poisson.ply
      render_colmap_3.root: /home/kremeto1/neural_rendering/datasets/processed/imc/hagia_sophia_interior/dense/dense/0
      render_colmap_3.src_output: /home/kremeto1/neural_rendering/datasets/post_processed/imc/hagia_sophia_interior_minsz-512_valr-0.2_pts-2.0_down-100_src-meshed-poisson
  outs:
  - path: ../../datasets/post_processed/imc/hagia_sophia_interior_minsz-512_valr-0.2_pts-2.0_down-100_src-meshed-poisson
    md5: d2062db41289dcf11554e5e7afbdb8e6.dir
    size: 4785765973
    nfiles: 5082
render_colmap_4:
  cmd: bash -lc "sbatch --wait ../scripts/render_colmap.sh 4"
  deps:
  - path: ../../colmap/load_data.py
    md5: 2321dc981ba3117982cf0acc6787802c
    size: 13432
  - path: ../../datasets/processed/imc/hagia_sophia_interior
    md5: 8ab6cedf0a9f6a0133d98919b4b2412f.dir
    size: 26760354702
    nfiles: 5338
  - path: ../scripts/render_colmap.sh
    md5: 531b3e7283932e405ad2fffbb5f99699
    size: 1986
  params:
    params.yaml:
      render_colmap_4.voxel_size: 0.022
      render_colmap_4.ply_file: fused.ply
      render_colmap_4.root: /home/kremeto1/neural_rendering/datasets/processed/imc/hagia_sophia_interior/dense/dense/0
      render_colmap_4.src_output: /home/kremeto1/neural_rendering/datasets/post_processed/imc/hagia_sophia_interior_minsz-512_valr-0.2_pts-2.0_down-25_src-fused
  outs:
  - path: ../../datasets/post_processed/imc/hagia_sophia_interior_minsz-512_valr-0.2_pts-2.0_down-25_src-fused
    md5: f4fdd96d95c4ccb2e677894f9ddc4456.dir
    size: 5177801088
    nfiles: 5082
render_colmap_5:
  cmd: bash -lc "sbatch --wait ../scripts/render_colmap.sh 5"
  deps:
  - path: ../../colmap/load_data.py
    md5: 2321dc981ba3117982cf0acc6787802c
    size: 13432
  - path: ../../datasets/processed/imc/hagia_sophia_interior
    md5: 8ab6cedf0a9f6a0133d98919b4b2412f.dir
    size: 26760354702
    nfiles: 5338
  - path: ../scripts/render_colmap.sh
    md5: 531b3e7283932e405ad2fffbb5f99699
    size: 1986
  params:
    params.yaml:
      render_colmap_5.voxel_size: 0.012
      render_colmap_5.ply_file: fused.ply
      render_colmap_5.root: /home/kremeto1/neural_rendering/datasets/processed/imc/hagia_sophia_interior/dense/dense/0
      render_colmap_5.src_output: /home/kremeto1/neural_rendering/datasets/post_processed/imc/hagia_sophia_interior_minsz-512_valr-0.2_pts-2.0_down-50_src-fused
  outs:
  - path: ../../datasets/post_processed/imc/hagia_sophia_interior_minsz-512_valr-0.2_pts-2.0_down-50_src-fused
    md5: 3bb33f7cb1611903a82431db013529aa.dir
    size: 5097831911
    nfiles: 5082
render_colmap_6:
  cmd: bash -lc "sbatch --wait ../scripts/render_colmap.sh 6"
  deps:
  - path: ../../colmap/load_data.py
    md5: 2321dc981ba3117982cf0acc6787802c
    size: 13432
  - path: ../../datasets/processed/imc/hagia_sophia_interior
    md5: 8ab6cedf0a9f6a0133d98919b4b2412f.dir
    size: 26760354702
    nfiles: 5338
  - path: ../scripts/render_colmap.sh
    md5: 531b3e7283932e405ad2fffbb5f99699
    size: 1986
  params:
    params.yaml:
      render_colmap_6.voxel_size: None
      render_colmap_6.ply_file: fused.ply
      render_colmap_6.root: /home/kremeto1/neural_rendering/datasets/processed/imc/hagia_sophia_interior/dense/dense/0
      render_colmap_6.src_output: /home/kremeto1/neural_rendering/datasets/post_processed/imc/hagia_sophia_interior_minsz-512_valr-0.2_pts-2.0_down-100_src-fused
  outs:
  - path: ../../datasets/post_processed/imc/hagia_sophia_interior_minsz-512_valr-0.2_pts-2.0_down-100_src-fused
    md5: 0f6fb3b099461991807cd7051a63cf5e.dir
    size: 5098990134
    nfiles: 5082
dataset_utils_1:
  cmd: bash -lc "sbatch --wait ../scripts/run_dataset_utils.sh 1"
  deps:
  - path: ../../dataset_utils.py
    md5: 52dd3cd4c5e2097f93247c8cd03fac0b
    size: 10784
  - path: ../../datasets/post_processed/imc/hagia_sophia_interior_minsz-512_valr-0.2_pts-2.0_down-25_src-meshed-poisson
    md5: 59792a3e0d4e0757d99ed6870170d8ac.dir
    size: 4671992872
    nfiles: 5082
  - path: ../scripts/run_dataset_utils.sh
    md5: a1a4738e234e1fa656483689a754e63a
    size: 2201
  params:
    params.yaml:
      dataset_utils_1.dataset_name: hagia_sophia_interior_minsz-512_valr-0.2_pts-2.0_down-25_src-meshed-poisson
      dataset_utils_1.dataset_parent_dir: /home/kremeto1/neural_rendering/datasets/post_processed/imc/hagia_sophia_interior_minsz-512_valr-0.2_pts-2.0_down-25_src-meshed-poisson
      dataset_utils_1.output_dir: /home/kremeto1/neural_rendering/datasets/final/imc/hagia_sophia_interior_minsz-512_valr-0.2_pts-2.0_down-25_src-meshed-poisson
  outs:
  - path: ../../datasets/final/imc/hagia_sophia_interior_minsz-512_valr-0.2_pts-2.0_down-25_src-meshed-poisson
    md5: 8f211247937310fdcca1d8d65d45f5f5.dir
    size: 2664556972
    nfiles: 2
dataset_utils_2:
  cmd: bash -lc "sbatch --wait ../scripts/run_dataset_utils.sh 2"
  deps:
  - path: ../../dataset_utils.py
    md5: 52dd3cd4c5e2097f93247c8cd03fac0b
    size: 10784
  - path: ../../datasets/post_processed/imc/hagia_sophia_interior_minsz-512_valr-0.2_pts-2.0_down-50_src-meshed-poisson
    md5: 8304901ef98b2855b3c83b9e9b1d1954.dir
    size: 4762718749
    nfiles: 5082
  - path: ../scripts/run_dataset_utils.sh
    md5: a1a4738e234e1fa656483689a754e63a
    size: 2207
  params:
    params.yaml:
      dataset_utils_2.dataset_name: hagia_sophia_interior_minsz-512_valr-0.2_pts-2.0_down-50_src-meshed-poisson
      dataset_utils_2.dataset_parent_dir: /home/kremeto1/neural_rendering/datasets/post_processed/imc/hagia_sophia_interior_minsz-512_valr-0.2_pts-2.0_down-50_src-meshed-poisson
      dataset_utils_2.output_dir: /home/kremeto1/neural_rendering/datasets/final/imc/hagia_sophia_interior_minsz-512_valr-0.2_pts-2.0_down-50_src-meshed-poisson
  outs:
  - path: ../../datasets/final/imc/hagia_sophia_interior_minsz-512_valr-0.2_pts-2.0_down-50_src-meshed-poisson
    md5: 9f7413df1ab439aa7966a9b0d48dc9b9.dir
    size: 2664556972
    nfiles: 2
dataset_utils_3:
  cmd: bash -lc "sbatch --wait ../scripts/run_dataset_utils.sh 3"
  deps:
  - path: ../../dataset_utils.py
    md5: 52dd3cd4c5e2097f93247c8cd03fac0b
    size: 10784
  - path: ../../datasets/post_processed/imc/hagia_sophia_interior_minsz-512_valr-0.2_pts-2.0_down-100_src-meshed-poisson
    md5: d2062db41289dcf11554e5e7afbdb8e6.dir
    size: 4785765973
    nfiles: 5082
  - path: ../scripts/run_dataset_utils.sh
    md5: a1a4738e234e1fa656483689a754e63a
    size: 2207
  params:
    params.yaml:
      dataset_utils_3.dataset_name: hagia_sophia_interior_minsz-512_valr-0.2_pts-2.0_down-100_src-meshed-poisson
      dataset_utils_3.dataset_parent_dir: /home/kremeto1/neural_rendering/datasets/post_processed/imc/hagia_sophia_interior_minsz-512_valr-0.2_pts-2.0_down-100_src-meshed-poisson
      dataset_utils_3.output_dir: /home/kremeto1/neural_rendering/datasets/final/imc/hagia_sophia_interior_minsz-512_valr-0.2_pts-2.0_down-100_src-meshed-poisson
  outs:
  - path: ../../datasets/final/imc/hagia_sophia_interior_minsz-512_valr-0.2_pts-2.0_down-100_src-meshed-poisson
    md5: 3377cabc3e197a0102ab875cf3ba485e.dir
    size: 2664556972
    nfiles: 2
dataset_utils_4:
  cmd: bash -lc "sbatch --wait ../scripts/run_dataset_utils.sh 4"
  deps:
  - path: ../../dataset_utils.py
    md5: 52dd3cd4c5e2097f93247c8cd03fac0b
    size: 10784
  - path: ../../datasets/post_processed/imc/hagia_sophia_interior_minsz-512_valr-0.2_pts-2.0_down-25_src-fused
    md5: f4fdd96d95c4ccb2e677894f9ddc4456.dir
    size: 5177801088
    nfiles: 5082
  - path: ../scripts/run_dataset_utils.sh
    md5: a1a4738e234e1fa656483689a754e63a
    size: 2207
  params:
    params.yaml:
      dataset_utils_4.dataset_name: hagia_sophia_interior_minsz-512_valr-0.2_pts-2.0_down-25_src-fused
      dataset_utils_4.dataset_parent_dir: /home/kremeto1/neural_rendering/datasets/post_processed/imc/hagia_sophia_interior_minsz-512_valr-0.2_pts-2.0_down-25_src-fused
      dataset_utils_4.output_dir: /home/kremeto1/neural_rendering/datasets/final/imc/hagia_sophia_interior_minsz-512_valr-0.2_pts-2.0_down-25_src-fused
  outs:
  - path: ../../datasets/final/imc/hagia_sophia_interior_minsz-512_valr-0.2_pts-2.0_down-25_src-fused
    md5: 5c580c59e3e946b32202fbec35b4105c.dir
    size: 2664556972
    nfiles: 2
dataset_utils_5:
  cmd: bash -lc "sbatch --wait ../scripts/run_dataset_utils.sh 5"
  deps:
  - path: ../../dataset_utils.py
    md5: 52dd3cd4c5e2097f93247c8cd03fac0b
    size: 10784
  - path: ../../datasets/post_processed/imc/hagia_sophia_interior_minsz-512_valr-0.2_pts-2.0_down-50_src-fused
    md5: 3bb33f7cb1611903a82431db013529aa.dir
    size: 5097831911
    nfiles: 5082
  - path: ../scripts/run_dataset_utils.sh
    md5: a1a4738e234e1fa656483689a754e63a
    size: 2207
  params:
    params.yaml:
      dataset_utils_5.dataset_name: hagia_sophia_interior_minsz-512_valr-0.2_pts-2.0_down-50_src-fused
      dataset_utils_5.dataset_parent_dir: /home/kremeto1/neural_rendering/datasets/post_processed/imc/hagia_sophia_interior_minsz-512_valr-0.2_pts-2.0_down-50_src-fused
      dataset_utils_5.output_dir: /home/kremeto1/neural_rendering/datasets/final/imc/hagia_sophia_interior_minsz-512_valr-0.2_pts-2.0_down-50_src-fused
  outs:
  - path: ../../datasets/final/imc/hagia_sophia_interior_minsz-512_valr-0.2_pts-2.0_down-50_src-fused
    md5: 8ac7db60a0413d6543853525d017f193.dir
    size: 2664556972
    nfiles: 2
dataset_utils_6:
  cmd: bash -lc "sbatch --wait ../scripts/run_dataset_utils.sh 6"
  deps:
  - path: ../../dataset_utils.py
    md5: 52dd3cd4c5e2097f93247c8cd03fac0b
    size: 10784
  - path: ../../datasets/post_processed/imc/hagia_sophia_interior_minsz-512_valr-0.2_pts-2.0_down-100_src-fused
    md5: 0f6fb3b099461991807cd7051a63cf5e.dir
    size: 5098990134
    nfiles: 5082
  - path: ../scripts/run_dataset_utils.sh
    md5: a1a4738e234e1fa656483689a754e63a
    size: 2207
  params:
    params.yaml:
      dataset_utils_6.dataset_name: hagia_sophia_interior_minsz-512_valr-0.2_pts-2.0_down-100_src-fused
      dataset_utils_6.dataset_parent_dir: /home/kremeto1/neural_rendering/datasets/post_processed/imc/hagia_sophia_interior_minsz-512_valr-0.2_pts-2.0_down-100_src-fused
      dataset_utils_6.output_dir: /home/kremeto1/neural_rendering/datasets/final/imc/hagia_sophia_interior_minsz-512_valr-0.2_pts-2.0_down-100_src-fused
  outs:
  - path: ../../datasets/final/imc/hagia_sophia_interior_minsz-512_valr-0.2_pts-2.0_down-100_src-fused
    md5: 1be35eb255d9d212466ba250a8d606ed.dir
    size: 2664556972
    nfiles: 2
train_nriw_1:
  cmd: bash -lc "sbatch --wait ../scripts/train_nriw.sh 1"
  deps:
  - path: ../../datasets/final/imc/hagia_sophia_interior_minsz-512_valr-0.2_pts-2.0_down-25_src-meshed-poisson
    md5: 8f211247937310fdcca1d8d65d45f5f5.dir
    size: 2664556972
    nfiles: 2
  - path: ../../neural_rerendering.py
    md5: b2aba3d7ce1cac17900eea8ae7317128
    size: 31357
  - path: ../../pretrain_appearance.py
    md5: 30b6abc8c2e30a9268c2df1441b9c9ea
    size: 13586
  - path: ../scripts/train_nriw.sh
    md5: 8c09f2c21e00c80c5f25b3aee7a13216
    size: 11519
  params:
    params.yaml:
      train_nriw_1.dataset_name: hagia_sophia_interior_minsz-512_valr-0.2_pts-2.0_down-25_src-meshed-poisson
      train_nriw_1.dataset_parent_dir: /home/kremeto1/neural_rendering/datasets/final/imc/hagia_sophia_interior_minsz-512_valr-0.2_pts-2.0_down-25_src-meshed-poisson
      train_nriw_1.model_parent_dir: /home/kremeto1/neural_rendering/models/
  outs:
  - path: ../../models/hagia_sophia_interior_minsz-512_valr-0.2_pts-2.0_down-25_src-meshed-poisson-2020-12-06-23-26-46-finetune_appearance
    md5: 14731514304d658bf20692263ce21466.dir
    size: 3523516084
    nfiles: 16
train_nriw_2:
  cmd: bash -lc "sbatch --wait ../scripts/train_nriw.sh 2"
  deps:
  - path: ../../datasets/final/imc/hagia_sophia_interior_minsz-512_valr-0.2_pts-2.0_down-50_src-meshed-poisson
    md5: 9f7413df1ab439aa7966a9b0d48dc9b9.dir
    size: 2664556972
    nfiles: 2
  - path: ../../neural_rerendering.py
    md5: b2aba3d7ce1cac17900eea8ae7317128
    size: 31357
  - path: ../../pretrain_appearance.py
    md5: 30b6abc8c2e30a9268c2df1441b9c9ea
    size: 13586
  - path: ../scripts/train_nriw.sh
    md5: 8c09f2c21e00c80c5f25b3aee7a13216
    size: 11519
  params:
    params.yaml:
      train_nriw_2.dataset_name: hagia_sophia_interior_minsz-512_valr-0.2_pts-2.0_down-50_src-meshed-poisson
      train_nriw_2.dataset_parent_dir: /home/kremeto1/neural_rendering/datasets/final/imc/hagia_sophia_interior_minsz-512_valr-0.2_pts-2.0_down-50_src-meshed-poisson
      train_nriw_2.model_parent_dir: /home/kremeto1/neural_rendering/models/
  outs:
  - path: ../../models/hagia_sophia_interior_minsz-512_valr-0.2_pts-2.0_down-50_src-meshed-poisson-2020-12-11-19-53-57-finetune_appearance
    md5: 2f04360b6e203473c36dd9138ef4e2a5.dir
    size: 3526301304
    nfiles: 16
train_nriw_3:
  cmd: bash -lc "sbatch --wait ../scripts/train_nriw.sh 3"
  deps:
  - path: ../../datasets/final/imc/hagia_sophia_interior_minsz-512_valr-0.2_pts-2.0_down-100_src-meshed-poisson
    md5: 3377cabc3e197a0102ab875cf3ba485e.dir
    size: 2664556972
    nfiles: 2
  - path: ../../neural_rerendering.py
    md5: b2aba3d7ce1cac17900eea8ae7317128
    size: 31357
  - path: ../../pretrain_appearance.py
    md5: 30b6abc8c2e30a9268c2df1441b9c9ea
    size: 13586
  - path: ../scripts/train_nriw.sh
    md5: 8c09f2c21e00c80c5f25b3aee7a13216
    size: 11519
  params:
    params.yaml:
      train_nriw_3.dataset_name: hagia_sophia_interior_minsz-512_valr-0.2_pts-2.0_down-100_src-meshed-poisson
      train_nriw_3.dataset_parent_dir: /home/kremeto1/neural_rendering/datasets/final/imc/hagia_sophia_interior_minsz-512_valr-0.2_pts-2.0_down-100_src-meshed-poisson
      train_nriw_3.model_parent_dir: /home/kremeto1/neural_rendering/models/
  outs:
  - path: ../../models/hagia_sophia_interior_minsz-512_valr-0.2_pts-2.0_down-100_src-meshed-poisson-2020-12-13-22-27-03-finetune_appearance
    md5: 2c37cab65acb8d9bd1eeab25aaf86900.dir
    size: 3531305053
    nfiles: 16
train_nriw_4:
  cmd: bash -lc "sbatch --wait ../scripts/train_nriw.sh 4"
  deps:
  - path: ../../datasets/final/imc/hagia_sophia_interior_minsz-512_valr-0.2_pts-2.0_down-25_src-fused
    md5: 5c580c59e3e946b32202fbec35b4105c.dir
    size: 2664556972
    nfiles: 2
  - path: ../../neural_rerendering.py
    md5: b2aba3d7ce1cac17900eea8ae7317128
    size: 31357
  - path: ../../pretrain_appearance.py
    md5: 30b6abc8c2e30a9268c2df1441b9c9ea
    size: 13586
  - path: ../scripts/train_nriw.sh
    md5: 8c09f2c21e00c80c5f25b3aee7a13216
    size: 11519
  params:
    params.yaml:
      train_nriw_4.dataset_name: hagia_sophia_interior_minsz-512_valr-0.2_pts-2.0_down-25_src-fused
      train_nriw_4.dataset_parent_dir: /home/kremeto1/neural_rendering/datasets/final/imc/hagia_sophia_interior_minsz-512_valr-0.2_pts-2.0_down-25_src-fused
      train_nriw_4.model_parent_dir: /home/kremeto1/neural_rendering/models/
  outs:
  - path: ../../models/hagia_sophia_interior_minsz-512_valr-0.2_pts-2.0_down-25_src-fused-2020-12-13-22-30-47-finetune_appearance
    md5: eaa490f2daf3d45fc2f6787b06e93bb8.dir
    size: 3531831687
    nfiles: 16
train_nriw_5:
  cmd: bash -lc "sbatch --wait ../scripts/train_nriw.sh 5"
  deps:
  - path: ../../datasets/final/imc/hagia_sophia_interior_minsz-512_valr-0.2_pts-2.0_down-50_src-fused
    md5: 8ac7db60a0413d6543853525d017f193.dir
    size: 2664556972
    nfiles: 2
  - path: ../../neural_rerendering.py
    md5: b2aba3d7ce1cac17900eea8ae7317128
    size: 31357
  - path: ../../pretrain_appearance.py
    md5: 30b6abc8c2e30a9268c2df1441b9c9ea
    size: 13586
  - path: ../scripts/train_nriw.sh
    md5: 8c09f2c21e00c80c5f25b3aee7a13216
    size: 11519
  params:
    params.yaml:
      train_nriw_5.dataset_name: hagia_sophia_interior_minsz-512_valr-0.2_pts-2.0_down-50_src-fused
      train_nriw_5.dataset_parent_dir: /home/kremeto1/neural_rendering/datasets/final/imc/hagia_sophia_interior_minsz-512_valr-0.2_pts-2.0_down-50_src-fused
      train_nriw_5.model_parent_dir: /home/kremeto1/neural_rendering/models/
  outs:
  - path: ../../models/hagia_sophia_interior_minsz-512_valr-0.2_pts-2.0_down-50_src-fused-2020-12-14-12-03-17-finetune_appearance
    md5: 3552f789eeb739b58afe9b3c6413d563.dir
    size: 3529805919
    nfiles: 16
train_nriw_6:
  cmd: bash -lc "sbatch --wait ../scripts/train_nriw.sh 6"
  deps:
  - path: ../../datasets/final/imc/hagia_sophia_interior_minsz-512_valr-0.2_pts-2.0_down-100_src-fused
    md5: 1be35eb255d9d212466ba250a8d606ed.dir
    size: 2664556972
    nfiles: 2
  - path: ../../neural_rerendering.py
    md5: b2aba3d7ce1cac17900eea8ae7317128
    size: 31357
  - path: ../../pretrain_appearance.py
    md5: 30b6abc8c2e30a9268c2df1441b9c9ea
    size: 13586
  - path: ../scripts/train_nriw.sh
    md5: 8c09f2c21e00c80c5f25b3aee7a13216
    size: 11519
  params:
    params.yaml:
      train_nriw_6.dataset_name: hagia_sophia_interior_minsz-512_valr-0.2_pts-2.0_down-100_src-fused
      train_nriw_6.dataset_parent_dir: /home/kremeto1/neural_rendering/datasets/final/imc/hagia_sophia_interior_minsz-512_valr-0.2_pts-2.0_down-100_src-fused
      train_nriw_6.model_parent_dir: /home/kremeto1/neural_rendering/models/
  outs:
  - path: ../../models/hagia_sophia_interior_minsz-512_valr-0.2_pts-2.0_down-100_src-fused-2020-12-14-05-23-51-finetune_appearance
    md5: 54cae0b60c8e215ee4bd4db35f55dbd0.dir
    size: 3531060447
    nfiles: 16
evaluate_nriw_1:
  cmd: bash -lc "sbatch --wait ../scripts/evaluate_nriw.sh 1"
  deps:
  - path: ../../evaluate_quantitative_metrics.py
    md5: 7d1acafc001bed3bebcb51b323518745
    size: 4340
  - path: ../../models/hagia_sophia_interior_minsz-512_valr-0.2_pts-2.0_down-25_src-meshed-poisson-2020-12-06-23-26-46-finetune_appearance
    md5: 14731514304d658bf20692263ce21466.dir
    size: 3523516084
    nfiles: 16
  - path: ../../neural_rerendering.py
    md5: b2aba3d7ce1cac17900eea8ae7317128
    size: 31357
  params:
    params.yaml:
      evaluate_nriw_1.dataset_name: hagia_sophia_interior_minsz-512_valr-0.2_pts-2.0_down-25_src-meshed-poisson
      evaluate_nriw_1.dataset_parent_dir: /home/kremeto1/neural_rendering/datasets/final/imc/hagia_sophia_interior_minsz-512_valr-0.2_pts-2.0_down-25_src-meshed-poisson
      evaluate_nriw_1.model_parent_dir: /home/kremeto1/neural_rendering/models/
      evaluate_nriw_1.timestamp: 2020-12-06-23-26-46
evaluate_nriw_2:
  cmd: bash -lc "sbatch --wait ../scripts/evaluate_nriw.sh 2"
  deps:
  - path: ../../evaluate_quantitative_metrics.py
    md5: 7d1acafc001bed3bebcb51b323518745
    size: 4340
  - path: ../../models/hagia_sophia_interior_minsz-512_valr-0.2_pts-2.0_down-50_src-meshed-poisson-2020-12-11-19-53-57-finetune_appearance
    md5: 2f04360b6e203473c36dd9138ef4e2a5.dir
    size: 3526301304
    nfiles: 16
  - path: ../../neural_rerendering.py
    md5: b2aba3d7ce1cac17900eea8ae7317128
    size: 31357
  params:
    params.yaml:
      evaluate_nriw_2.dataset_name: hagia_sophia_interior_minsz-512_valr-0.2_pts-2.0_down-50_src-meshed-poisson
      evaluate_nriw_2.dataset_parent_dir: /home/kremeto1/neural_rendering/datasets/final/imc/hagia_sophia_interior_minsz-512_valr-0.2_pts-2.0_down-50_src-meshed-poisson
      evaluate_nriw_2.model_parent_dir: /home/kremeto1/neural_rendering/models/
      evaluate_nriw_2.timestamp: 2020-12-11-19-53-57
evaluate_nriw_3:
  cmd: bash -lc "sbatch --wait ../scripts/evaluate_nriw.sh 3"
  deps:
  - path: ../../evaluate_quantitative_metrics.py
    md5: 7d1acafc001bed3bebcb51b323518745
    size: 4340
  - path: ../../models/hagia_sophia_interior_minsz-512_valr-0.2_pts-2.0_down-100_src-meshed-poisson-2020-12-13-22-27-03-finetune_appearance
    md5: 2c37cab65acb8d9bd1eeab25aaf86900.dir
    size: 3531305053
    nfiles: 16
  - path: ../../neural_rerendering.py
    md5: b2aba3d7ce1cac17900eea8ae7317128
    size: 31357
  params:
    params.yaml:
      evaluate_nriw_3.dataset_name: hagia_sophia_interior_minsz-512_valr-0.2_pts-2.0_down-100_src-meshed-poisson
      evaluate_nriw_3.dataset_parent_dir: /home/kremeto1/neural_rendering/datasets/final/imc/hagia_sophia_interior_minsz-512_valr-0.2_pts-2.0_down-100_src-meshed-poisson
      evaluate_nriw_3.model_parent_dir: /home/kremeto1/neural_rendering/models/
      evaluate_nriw_3.timestamp: 2020-12-13-22-27-03
evaluate_nriw_4:
  cmd: bash -lc "sbatch --wait ../scripts/evaluate_nriw.sh 4"
  deps:
  - path: ../../evaluate_quantitative_metrics.py
    md5: 7d1acafc001bed3bebcb51b323518745
    size: 4340
  - path: ../../models/hagia_sophia_interior_minsz-512_valr-0.2_pts-2.0_down-25_src-fused-2020-12-13-22-30-47-finetune_appearance
    md5: eaa490f2daf3d45fc2f6787b06e93bb8.dir
    size: 3531831687
    nfiles: 16
  - path: ../../neural_rerendering.py
    md5: b2aba3d7ce1cac17900eea8ae7317128
    size: 31357
  params:
    params.yaml:
      evaluate_nriw_4.dataset_name: hagia_sophia_interior_minsz-512_valr-0.2_pts-2.0_down-25_src-fused
      evaluate_nriw_4.dataset_parent_dir: /home/kremeto1/neural_rendering/datasets/final/imc/hagia_sophia_interior_minsz-512_valr-0.2_pts-2.0_down-25_src-fused
      evaluate_nriw_4.model_parent_dir: /home/kremeto1/neural_rendering/models/
      evaluate_nriw_4.timestamp: 2020-12-13-22-30-47
evaluate_nriw_5:
  cmd: bash -lc "sbatch --wait ../scripts/evaluate_nriw.sh 5"
  deps:
  - path: ../../evaluate_quantitative_metrics.py
    md5: 7d1acafc001bed3bebcb51b323518745
    size: 4340
  - path: ../../models/hagia_sophia_interior_minsz-512_valr-0.2_pts-2.0_down-50_src-fused-2020-12-14-12-03-17-finetune_appearance
    md5: 3552f789eeb739b58afe9b3c6413d563.dir
    size: 3529805919
    nfiles: 16
  - path: ../../neural_rerendering.py
    md5: b2aba3d7ce1cac17900eea8ae7317128
    size: 31357
  params:
    params.yaml:
      evaluate_nriw_5.dataset_name: hagia_sophia_interior_minsz-512_valr-0.2_pts-2.0_down-50_src-fused
      evaluate_nriw_5.dataset_parent_dir: /home/kremeto1/neural_rendering/datasets/final/imc/hagia_sophia_interior_minsz-512_valr-0.2_pts-2.0_down-50_src-fused
      evaluate_nriw_5.model_parent_dir: /home/kremeto1/neural_rendering/models/
      evaluate_nriw_5.timestamp: 2020-12-14-12-03-17
evaluate_nriw_6:
  cmd: bash -lc "sbatch --wait ../scripts/evaluate_nriw.sh 6"
  deps:
  - path: ../../evaluate_quantitative_metrics.py
    md5: 7d1acafc001bed3bebcb51b323518745
    size: 4340
  - path: ../../models/hagia_sophia_interior_minsz-512_valr-0.2_pts-2.0_down-100_src-fused-2020-12-14-05-23-51-finetune_appearance
    md5: 54cae0b60c8e215ee4bd4db35f55dbd0.dir
    size: 3531060447
    nfiles: 16
  - path: ../../neural_rerendering.py
    md5: b2aba3d7ce1cac17900eea8ae7317128
    size: 31357
  params:
    params.yaml:
      evaluate_nriw_6.dataset_name: hagia_sophia_interior_minsz-512_valr-0.2_pts-2.0_down-100_src-fused
      evaluate_nriw_6.dataset_parent_dir: /home/kremeto1/neural_rendering/datasets/final/imc/hagia_sophia_interior_minsz-512_valr-0.2_pts-2.0_down-100_src-fused
      evaluate_nriw_6.model_parent_dir: /home/kremeto1/neural_rendering/models/
      evaluate_nriw_6.timestamp: 2020-12-14-05-23-51
