schema: '2.0'
stages:
  dataset_utils_inloc@1:
    cmd: bash -lc "sbatch --wait ../scripts/run_dataset_utils.sh 1"
    deps:
    - path: ../../dataset_utils.py
      md5: 5ab6999820dc0c10094cac4e02b0375a
      size: 11206
    - path: ../scripts/run_dataset_utils.sh
      md5: 2320f1712a3ab6713dd1f13c9dfc1120
      size: 2403
    params:
      params.yaml:
        dataset_utils_1.dataset_name: inloc
        dataset_utils_1.dataset_parent_dir: /home/kremeto1/neural_rendering/datasets/post_processed/inloc/inloc_rendered_1
        dataset_utils_1.output_dir: /home/kremeto1/neural_rendering/datasets/final/inloc/inloc_rendered_1
    outs:
    - path: ../../datasets/final/inloc/inloc_rendered_1
      md5: c5bd3efc0ef7928455a78d40911a670d.dir
      size: 31370675472
      nfiles: 2
  infer_nriw_on_subfolders_query@2:
    cmd: bash -lc "sbatch --wait ../scripts/infer_nriw_on_subfolders.sh 2"
    deps:
    - path: ../scripts/infer_nriw_on_subfolders.sh
      md5: 1b7900c0c255f5949b5c61ae89416643
      size: 2917
    params:
      params.yaml:
        infer_nriw_on_subfolders_2.input_dir: /home/kremeto1/neural_rendering/datasets/post_processed/inloc/query_rendered_scaled
        infer_nriw_on_subfolders_2.output_dir: /home/kremeto1/neural_rendering/inferences/inloc/query_rendered_scaled
        infer_nriw_on_subfolders_2.trained_model_dir: /home/bdechamps/neural_rerendering_in_the_wild/train_models/inloc_db-staged-finetune_appearance
